// !$*UTF8*$!
{
	archiveVersion = 1;
	classes = {
	};
	objectVersion = 50;
	objects = {

/* Begin PBXBuildFile section */
		52FF0CDE21FC66540070766C /* AppDelegate.swift in Sources */ = {isa = PBXBuildFile; fileRef = 52FF0CDD21FC66540070766C /* AppDelegate.swift */; };
		52FF0CE021FC66540070766C /* ViewController.swift in Sources */ = {isa = PBXBuildFile; fileRef = 52FF0CDF21FC66540070766C /* ViewController.swift */; };
		52FF0CE321FC66540070766C /* Main.storyboard in Resources */ = {isa = PBXBuildFile; fileRef = 52FF0CE121FC66540070766C /* Main.storyboard */; };
		52FF0CE521FC66590070766C /* Assets.xcassets in Resources */ = {isa = PBXBuildFile; fileRef = 52FF0CE421FC66590070766C /* Assets.xcassets */; };
		52FF0CE821FC66590070766C /* LaunchScreen.storyboard in Resources */ = {isa = PBXBuildFile; fileRef = 52FF0CE621FC66590070766C /* LaunchScreen.storyboard */; };
		52FF0CF321FC66590070766C /* takeBarcodeTests.swift in Sources */ = {isa = PBXBuildFile; fileRef = 52FF0CF221FC66590070766C /* takeBarcodeTests.swift */; };
/* End PBXBuildFile section */

/* Begin PBXContainerItemProxy section */
		52FF0CEF21FC66590070766C /* PBXContainerItemProxy */ = {
			isa = PBXContainerItemProxy;
			containerPortal = 52FF0CD221FC66540070766C /* Project object */;
			proxyType = 1;
			remoteGlobalIDString = 52FF0CD921FC66540070766C;
			remoteInfo = takeBarcode;
		};
/* End PBXContainerItemProxy section */

/* Begin PBXFileReference section */
		52FF0CDA21FC66540070766C /* takeBarcode.app */ = {isa = PBXFileReference; explicitFileType = wrapper.application; includeInIndex = 0; path = takeBarcode.app; sourceTree = BUILT_PRODUCTS_DIR; };
		52FF0CDD21FC66540070766C /* AppDelegate.swift */ = {isa = PBXFileReference; lastKnownFileType = sourcecode.swift; path = AppDelegate.swift; sourceTree = "<group>"; };
		52FF0CDF21FC66540070766C /* ViewController.swift */ = {isa = PBXFileReference; lastKnownFileType = sourcecode.swift; path = ViewController.swift; sourceTree = "<group>"; };
		52FF0CE221FC66540070766C /* Base */ = {isa = PBXFileReference; lastKnownFileType = file.storyboard; name = Base; path = Base.lproj/Main.storyboard; sourceTree = "<group>"; };
		52FF0CE421FC66590070766C /* Assets.xcassets */ = {isa = PBXFileReference; lastKnownFileType = folder.assetcatalog; path = Assets.xcassets; sourceTree = "<group>"; };
		52FF0CE721FC66590070766C /* Base */ = {isa = PBXFileReference; lastKnownFileType = file.storyboard; name = Base; path = Base.lproj/LaunchScreen.storyboard; sourceTree = "<group>"; };
		52FF0CE921FC66590070766C /* Info.plist */ = {isa = PBXFileReference; lastKnownFileType = text.plist.xml; path = Info.plist; sourceTree = "<group>"; };
		52FF0CEE21FC66590070766C /* takeBarcodeTests.xctest */ = {isa = PBXFileReference; explicitFileType = wrapper.cfbundle; includeInIndex = 0; path = takeBarcodeTests.xctest; sourceTree = BUILT_PRODUCTS_DIR; };
		52FF0CF221FC66590070766C /* takeBarcodeTests.swift */ = {isa = PBXFileReference; lastKnownFileType = sourcecode.swift; path = takeBarcodeTests.swift; sourceTree = "<group>"; };
		52FF0CF421FC66590070766C /* Info.plist */ = {isa = PBXFileReference; lastKnownFileType = text.plist.xml; path = Info.plist; sourceTree = "<group>"; };
/* End PBXFileReference section */

/* Begin PBXFrameworksBuildPhase section */
		52FF0CD721FC66540070766C /* Frameworks */ = {
			isa = PBXFrameworksBuildPhase;
			buildActionMask = 2147483647;
			files = (
			);
			runOnlyForDeploymentPostprocessing = 0;
		};
		52FF0CEB21FC66590070766C /* Frameworks */ = {
			isa = PBXFrameworksBuildPhase;
			buildActionMask = 2147483647;
			files = (
			);
			runOnlyForDeploymentPostprocessing = 0;
		};
/* End PBXFrameworksBuildPhase section */

/* Begin PBXGroup section */
		52FF0CD121FC66540070766C = {
			isa = PBXGroup;
			children = (
				52FF0CDC21FC66540070766C /* takeBarcode */,
				52FF0CF121FC66590070766C /* takeBarcodeTests */,
				52FF0CDB21FC66540070766C /* Products */,
			);
			sourceTree = "<group>";
		};
		52FF0CDB21FC66540070766C /* Products */ = {
			isa = PBXGroup;
			children = (
				52FF0CDA21FC66540070766C /* takeBarcode.app */,
				52FF0CEE21FC66590070766C /* takeBarcodeTests.xctest */,
			);
			name = Products;
			sourceTree = "<group>";
		};
		52FF0CDC21FC66540070766C /* takeBarcode */ = {
			isa = PBXGroup;
			children = (
				52FF0CDD21FC66540070766C /* AppDelegate.swift */,
				52FF0CDF21FC66540070766C /* ViewController.swift */,
				52FF0CE121FC66540070766C /* Main.storyboard */,
				52FF0CE421FC66590070766C /* Assets.xcassets */,
				52FF0CE621FC66590070766C /* LaunchScreen.storyboard */,
				52FF0CE921FC66590070766C /* Info.plist */,
			);
			path = takeBarcode;
			sourceTree = "<group>";
		};
		52FF0CF121FC66590070766C /* takeBarcodeTests */ = {
			isa = PBXGroup;
			children = (
				52FF0CF221FC66590070766C /* takeBarcodeTests.swift */,
				52FF0CF421FC66590070766C /* Info.plist */,
			);
			path = takeBarcodeTests;
			sourceTree = "<group>";
		};
/* End PBXGroup section */

/* Begin PBXNativeTarget section */
		52FF0CD921FC66540070766C /* takeBarcode */ = {
			isa = PBXNativeTarget;
			buildConfigurationList = 52FF0CF721FC66590070766C /* Build configuration list for PBXNativeTarget "takeBarcode" */;
			buildPhases = (
				52FF0CD621FC66540070766C /* Sources */,
				52FF0CD721FC66540070766C /* Frameworks */,
				52FF0CD821FC66540070766C /* Resources */,
			);
			buildRules = (
			);
			dependencies = (
			);
			name = takeBarcode;
			productName = takeBarcode;
			productReference = 52FF0CDA21FC66540070766C /* takeBarcode.app */;
			productType = "com.apple.product-type.application";
		};
		52FF0CED21FC66590070766C /* takeBarcodeTests */ = {
			isa = PBXNativeTarget;
			buildConfigurationList = 52FF0CFA21FC66590070766C /* Build configuration list for PBXNativeTarget "takeBarcodeTests" */;
			buildPhases = (
				52FF0CEA21FC66590070766C /* Sources */,
				52FF0CEB21FC66590070766C /* Frameworks */,
				52FF0CEC21FC66590070766C /* Resources */,
			);
			buildRules = (
			);
			dependencies = (
				52FF0CF021FC66590070766C /* PBXTargetDependency */,
			);
			name = takeBarcodeTests;
			productName = takeBarcodeTests;
			productReference = 52FF0CEE21FC66590070766C /* takeBarcodeTests.xctest */;
			productType = "com.apple.product-type.bundle.unit-test";
		};
/* End PBXNativeTarget section */

/* Begin PBXProject section */
		52FF0CD221FC66540070766C /* Project object */ = {
			isa = PBXProject;
			attributes = {
				LastSwiftUpdateCheck = 1010;
				LastUpgradeCheck = 1010;
				ORGANIZATIONNAME = sakamoto;
				TargetAttributes = {
					52FF0CD921FC66540070766C = {
						CreatedOnToolsVersion = 10.1;
					};
					52FF0CED21FC66590070766C = {
						CreatedOnToolsVersion = 10.1;
						TestTargetID = 52FF0CD921FC66540070766C;
					};
				};
			};
			buildConfigurationList = 52FF0CD521FC66540070766C /* Build configuration list for PBXProject "takeBarcode" */;
			compatibilityVersion = "Xcode 9.3";
			developmentRegion = en;
			hasScannedForEncodings = 0;
			knownRegions = (
				en,
				Base,
			);
			mainGroup = 52FF0CD121FC66540070766C;
			productRefGroup = 52FF0CDB21FC66540070766C /* Products */;
			projectDirPath = "";
			projectRoot = "";
			targets = (
				52FF0CD921FC66540070766C /* takeBarcode */,
				52FF0CED21FC66590070766C /* takeBarcodeTests */,
			);
		};
/* End PBXProject section */

/* Begin PBXResourcesBuildPhase section */
		52FF0CD821FC66540070766C /* Resources */ = {
			isa = PBXResourcesBuildPhase;
			buildActionMask = 2147483647;
			files = (
				52FF0CE821FC66590070766C /* LaunchScreen.storyboard in Resources */,
				52FF0CE521FC66590070766C /* Assets.xcassets in Resources */,
				52FF0CE321FC66540070766C /* Main.storyboard in Resources */,
			);
			runOnlyForDeploymentPostprocessing = 0;
		};
		52FF0CEC21FC66590070766C /* Resources */ = {
			isa = PBXResourcesBuildPhase;
			buildActionMask = 2147483647;
			files = (
			);
			runOnlyForDeploymentPostprocessing = 0;
		};
/* End PBXResourcesBuildPhase section */

/* Begin PBXSourcesBuildPhase section */
		52FF0CD621FC66540070766C /* Sources */ = {
			isa = PBXSourcesBuildPhase;
			buildActionMask = 2147483647;
			files = (
				52FF0CE021FC66540070766C /* ViewController.swift in Sources */,
				52FF0CDE21FC66540070766C /* AppDelegate.swift in Sources */,
			);
			runOnlyForDeploymentPostprocessing = 0;
		};
		52FF0CEA21FC66590070766C /* Sources */ = {
			isa = PBXSourcesBuildPhase;
			buildActionMask = 2147483647;
			files = (
				52FF0CF321FC66590070766C /* takeBarcodeTests.swift in Sources */,
			);
			runOnlyForDeploymentPostprocessing = 0;
		};
/* End PBXSourcesBuildPhase section */

/* Begin PBXTargetDependency section */
		52FF0CF021FC66590070766C /* PBXTargetDependency */ = {
			isa = PBXTargetDependency;
			target = 52FF0CD921FC66540070766C /* takeBarcode */;
			targetProxy = 52FF0CEF21FC66590070766C /* PBXContainerItemProxy */;
		};
/* End PBXTargetDependency section */

/* Begin PBXVariantGroup section */
		52FF0CE121FC66540070766C /* Main.storyboard */ = {
			isa = PBXVariantGroup;
			children = (
				52FF0CE221FC66540070766C /* Base */,
			);
			name = Main.storyboard;
			sourceTree = "<group>";
		};
		52FF0CE621FC66590070766C /* LaunchScreen.storyboard */ = {
			isa = PBXVariantGroup;
			children = (
				52FF0CE721FC66590070766C /* Base */,
			);
			name = LaunchScreen.storyboard;
			sourceTree = "<group>";
		};
/* End PBXVariantGroup section */

/* Begin XCBuildConfiguration section */
		52FF0CF521FC66590070766C /* Debug */ = {
			isa = XCBuildConfiguration;
			buildSettings = {
				ALWAYS_SEARCH_USER_PATHS = NO;
				CLANG_ANALYZER_NONNULL = YES;
				CLANG_ANALYZER_NUMBER_OBJECT_CONVERSION = YES_AGGRESSIVE;
				CLANG_CXX_LANGUAGE_STANDARD = "gnu++14";
				CLANG_CXX_LIBRARY = "libc++";
				CLANG_ENABLE_MODULES = YES;
				CLANG_ENABLE_OBJC_ARC = YES;
				CLANG_ENABLE_OBJC_WEAK = YES;
				CLANG_WARN_BLOCK_CAPTURE_AUTORELEASING = YES;
				CLANG_WARN_BOOL_CONVERSION = YES;
				CLANG_WARN_COMMA = YES;
				CLANG_WARN_CONSTANT_CONVERSION = YES;
				CLANG_WARN_DEPRECATED_OBJC_IMPLEMENTATIONS = YES;
				CLANG_WARN_DIRECT_OBJC_ISA_USAGE = YES_ERROR;
				CLANG_WARN_DOCUMENTATION_COMMENTS = YES;
				CLANG_WARN_EMPTY_BODY = YES;
				CLANG_WARN_ENUM_CONVERSION = YES;
				CLANG_WARN_INFINITE_RECURSION = YES;
				CLANG_WARN_INT_CONVERSION = YES;
				CLANG_WARN_NON_LITERAL_NULL_CONVERSION = YES;
				CLANG_WARN_OBJC_IMPLICIT_RETAIN_SELF = YES;
				CLANG_WARN_OBJC_LITERAL_CONVERSION = YES;
				CLANG_WARN_OBJC_ROOT_CLASS = YES_ERROR;
				CLANG_WARN_RANGE_LOOP_ANALYSIS = YES;
				CLANG_WARN_STRICT_PROTOTYPES = YES;
				CLANG_WARN_SUSPICIOUS_MOVE = YES;
				CLANG_WARN_UNGUARDED_AVAILABILITY = YES_AGGRESSIVE;
				CLANG_WARN_UNREACHABLE_CODE = YES;
				CLANG_WARN__DUPLICATE_METHOD_MATCH = YES;
				CODE_SIGN_IDENTITY = "iPhone Developer";
				COPY_PHASE_STRIP = NO;
				DEBUG_INFORMATION_FORMAT = dwarf;
				ENABLE_STRICT_OBJC_MSGSEND = YES;
				ENABLE_TESTABILITY = YES;
				GCC_C_LANGUAGE_STANDARD = gnu11;
				GCC_DYNAMIC_NO_PIC = NO;
				GCC_NO_COMMON_BLOCKS = YES;
				GCC_OPTIMIZATION_LEVEL = 0;
				GCC_PREPROCESSOR_DEFINITIONS = (
					"DEBUG=1",
					"$(inherited)",
				);
				GCC_WARN_64_TO_32_BIT_CONVERSION = YES;
				GCC_WARN_ABOUT_RETURN_TYPE = YES_ERROR;
				GCC_WARN_UNDECLARED_SELECTOR = YES;
				GCC_WARN_UNINITIALIZED_AUTOS = YES_AGGRESSIVE;
				GCC_WARN_UNUSED_FUNCTION = YES;
				GCC_WARN_UNUSED_VARIABLE = YES;
				IPHONEOS_DEPLOYMENT_TARGET = 12.1;
				MTL_ENABLE_DEBUG_INFO = INCLUDE_SOURCE;
				MTL_FAST_MATH = YES;
				ONLY_ACTIVE_ARCH = YES;
				SDKROOT = iphoneos;
				SWIFT_ACTIVE_COMPILATION_CONDITIONS = DEBUG;
				SWIFT_OPTIMIZATION_LEVEL = "-Onone";
			};
			name = Debug;
		};
		52FF0CF621FC66590070766C /* Release */ = {
			isa = XCBuildConfiguration;
			buildSettings = {
				ALWAYS_SEARCH_USER_PATHS = NO;
				CLANG_ANALYZER_NONNULL = YES;
				CLANG_ANALYZER_NUMBER_OBJECT_CONVERSION = YES_AGGRESSIVE;
				CLANG_CXX_LANGUAGE_STANDARD = "gnu++14";
				CLANG_CXX_LIBRARY = "libc++";
				CLANG_ENABLE_MODULES = YES;
				CLANG_ENABLE_OBJC_ARC = YES;
				CLANG_ENABLE_OBJC_WEAK = YES;
				CLANG_WARN_BLOCK_CAPTURE_AUTORELEASING = YES;
				CLANG_WARN_BOOL_CONVERSION = YES;
				CLANG_WARN_COMMA = YES;
				CLANG_WARN_CONSTANT_CONVERSION = YES;
				CLANG_WARN_DEPRECATED_OBJC_IMPLEMENTATIONS = YES;
				CLANG_WARN_DIRECT_OBJC_ISA_USAGE = YES_ERROR;
				CLANG_WARN_DOCUMENTATION_COMMENTS = YES;
				CLANG_WARN_EMPTY_BODY = YES;
				CLANG_WARN_ENUM_CONVERSION = YES;
				CLANG_WARN_INFINITE_RECURSION = YES;
				CLANG_WARN_INT_CONVERSION = YES;
				CLANG_WARN_NON_LITERAL_NULL_CONVERSION = YES;
				CLANG_WARN_OBJC_IMPLICIT_RETAIN_SELF = YES;
				CLANG_WARN_OBJC_LITERAL_CONVERSION = YES;
				CLANG_WARN_OBJC_ROOT_CLASS = YES_ERROR;
				CLANG_WARN_RANGE_LOOP_ANALYSIS = YES;
				CLANG_WARN_STRICT_PROTOTYPES = YES;
				CLANG_WARN_SUSPICIOUS_MOVE = YES;
				CLANG_WARN_UNGUARDED_AVAILABILITY = YES_AGGRESSIVE;
				CLANG_WARN_UNREACHABLE_CODE = YES;
				CLANG_WARN__DUPLICATE_METHOD_MATCH = YES;
				CODE_SIGN_IDENTITY = "iPhone Developer";
				COPY_PHASE_STRIP = NO;
				DEBUG_INFORMATION_FORMAT = "dwarf-with-dsym";
				ENABLE_NS_ASSERTIONS = NO;
				ENABLE_STRICT_OBJC_MSGSEND = YES;
				GCC_C_LANGUAGE_STANDARD = gnu11;
				GCC_NO_COMMON_BLOCKS = YES;
				GCC_WARN_64_TO_32_BIT_CONVERSION = YES;
				GCC_WARN_ABOUT_RETURN_TYPE = YES_ERROR;
				GCC_WARN_UNDECLARED_SELECTOR = YES;
				GCC_WARN_UNINITIALIZED_AUTOS = YES_AGGRESSIVE;
				GCC_WARN_UNUSED_FUNCTION = YES;
				GCC_WARN_UNUSED_VARIABLE = YES;
				IPHONEOS_DEPLOYMENT_TARGET = 12.1;
				MTL_ENABLE_DEBUG_INFO = NO;
				MTL_FAST_MATH = YES;
				SDKROOT = iphoneos;
				SWIFT_COMPILATION_MODE = wholemodule;
				SWIFT_OPTIMIZATION_LEVEL = "-O";
				VALIDATE_PRODUCT = YES;
			};
			name = Release;
		};
		52FF0CF821FC66590070766C /* Debug */ = {
			isa = XCBuildConfiguration;
			buildSettings = {
				ASSETCATALOG_COMPILER_APPICON_NAME = AppIcon;
				CODE_SIGN_STYLE = Automatic;
				DEVELOPMENT_TEAM = 3W7W85B4QC;
				INFOPLIST_FILE = takeBarcode/Info.plist;
				LD_RUNPATH_SEARCH_PATHS = (
					"$(inherited)",
					"@executable_path/Frameworks",
				);
				PRODUCT_BUNDLE_IDENTIFIER = com.sakamoto.takeBarcode;
				PRODUCT_NAME = "$(TARGET_NAME)";
				SWIFT_VERSION = 4.2;
				TARGETED_DEVICE_FAMILY = "1,2";
			};
			name = Debug;
		};
		52FF0CF921FC66590070766C /* Release */ = {
			isa = XCBuildConfiguration;
			buildSettings = {
				ASSETCATALOG_COMPILER_APPICON_NAME = AppIcon;
				CODE_SIGN_STYLE = Automatic;
				DEVELOPMENT_TEAM = 3W7W85B4QC;
				INFOPLIST_FILE = takeBarcode/Info.plist;
				LD_RUNPATH_SEARCH_PATHS = (
					"$(inherited)",
					"@executable_path/Frameworks",
				);
				PRODUCT_BUNDLE_IDENTIFIER = com.sakamoto.takeBarcode;
				PRODUCT_NAME = "$(TARGET_NAME)";
				SWIFT_VERSION = 4.2;
				TARGETED_DEVICE_FAMILY = "1,2";
			};
			name = Release;
		};
		52FF0CFB21FC66590070766C /* Debug */ = {
			isa = XCBuildConfiguration;
			buildSettings = {
				ALWAYS_EMBED_SWIFT_STANDARD_LIBRARIES = YES;
				BUNDLE_LOADER = "$(TEST_HOST)";
				CODE_SIGN_STYLE = Automatic;
				DEVELOPMENT_TEAM = 3W7W85B4QC;
				INFOPLIST_FILE = takeBarcodeTests/Info.plist;
				LD_RUNPATH_SEARCH_PATHS = (
					"$(inherited)",
					"@executable_path/Frameworks",
					"@loader_path/Frameworks",
				);
				PRODUCT_BUNDLE_IDENTIFIER = com.sakamoto.takeBarcodeTests;
				PRODUCT_NAME = "$(TARGET_NAME)";
				SWIFT_VERSION = 4.2;
				TARGETED_DEVICE_FAMILY = "1,2";
				TEST_HOST = "$(BUILT_PRODUCTS_DIR)/takeBarcode.app/takeBarcode";
			};
			name = Debug;
		};
		52FF0CFC21FC66590070766C /* Release */ = {
			isa = XCBuildConfiguration;
			buildSettings = {
				ALWAYS_EMBED_SWIFT_STANDARD_LIBRARIES = YES;
				BUNDLE_LOADER = "$(TEST_HOST)";
				CODE_SIGN_STYLE = Automatic;
				DEVELOPMENT_TEAM = 3W7W85B4QC;
				INFOPLIST_FILE = takeBarcodeTests/Info.plist;
				LD_RUNPATH_SEARCH_PATHS = (
					"$(inherited)",
					"@executable_path/Frameworks",
					"@loader_path/Frameworks",
				);
				PRODUCT_BUNDLE_IDENTIFIER = com.sakamoto.takeBarcodeTests;
				PRODUCT_NAME = "$(TARGET_NAME)";
				SWIFT_VERSION = 4.2;
				TARGETED_DEVICE_FAMILY = "1,2";
				TEST_HOST = "$(BUILT_PRODUCTS_DIR)/takeBarcode.app/takeBarcode";
			};
			name = Release;
		};
/* End XCBuildConfiguration section */

/* Begin XCConfigurationList section */
		52FF0CD521FC66540070766C /* Build configuration list for PBXProject "takeBarcode" */ = {
			isa = XCConfigurationList;
			buildConfigurations = (
				52FF0CF521FC66590070766C /* Debug */,
				52FF0CF621FC66590070766C /* Release */,
			);
			defaultConfigurationIsVisible = 0;
			defaultConfigurationName = Release;
		};
		52FF0CF721FC66590070766C /* Build configuration list for PBXNativeTarget "takeBarcode" */ = {
			isa = XCConfigurationList;
			buildConfigurations = (
				52FF0CF821FC66590070766C /* Debug */,
				52FF0CF921FC66590070766C /* Release */,
			);
			defaultConfigurationIsVisible = 0;
			defaultConfigurationName = Release;
		};
		52FF0CFA21FC66590070766C /* Build configuration list for PBXNativeTarget "takeBarcodeTests" */ = {
			isa = XCConfigurationList;
			buildConfigurations = (
				52FF0CFB21FC66590070766C /* Debug */,
				52FF0CFC21FC66590070766C /* Release */,
			);
			defaultConfigurationIsVisible = 0;
			defaultConfigurationName = Release;
		};
/* End XCConfigurationList section */
	};
	rootObject = 52FF0CD221FC66540070766C /* Project object */;
}
